// !$*UTF8*$!
{
	archiveVersion = 1;
	classes = {
	};
	objectVersion = 50;
	objects = {

/* Begin PBXBuildFile section */
		67291688210971780028E8A4 /* AppDelegate.swift in Sources */ = {isa = PBXBuildFile; fileRef = 67291687210971780028E8A4 /* AppDelegate.swift */; };
		6729168D210971780028E8A4 /* Main.storyboard in Resources */ = {isa = PBXBuildFile; fileRef = 6729168B210971780028E8A4 /* Main.storyboard */; };
		6729168F2109717A0028E8A4 /* Assets.xcassets in Resources */ = {isa = PBXBuildFile; fileRef = 6729168E2109717A0028E8A4 /* Assets.xcassets */; };
		672916922109717A0028E8A4 /* LaunchScreen.storyboard in Resources */ = {isa = PBXBuildFile; fileRef = 672916902109717A0028E8A4 /* LaunchScreen.storyboard */; };
		6729169A210971ED0028E8A4 /* MainTableViewController.swift in Sources */ = {isa = PBXBuildFile; fileRef = 67291699210971ED0028E8A4 /* MainTableViewController.swift */; };
		6729169C210971FA0028E8A4 /* AddTableViewController.swift in Sources */ = {isa = PBXBuildFile; fileRef = 6729169B210971FA0028E8A4 /* AddTableViewController.swift */; };
		6729169E210A00B90028E8A4 /* DataCenter.swift in Sources */ = {isa = PBXBuildFile; fileRef = 6729169D210A00B90028E8A4 /* DataCenter.swift */; };
		672916C6210AFC5D0028E8A4 /* TodoList.txt in Resources */ = {isa = PBXBuildFile; fileRef = 672916C5210AFC5D0028E8A4 /* TodoList.txt */; };
		67A308272112A67C001FBCC4 /* QuizViewController.swift in Sources */ = {isa = PBXBuildFile; fileRef = 67A308262112A67C001FBCC4 /* QuizViewController.swift */; };
		67A308312112FCDF001FBCC4 /* Extensions.swift in Sources */ = {isa = PBXBuildFile; fileRef = 67A308302112FCDF001FBCC4 /* Extensions.swift */; };
		67A3083321158273001FBCC4 /* UnitTableViewController.swift in Sources */ = {isa = PBXBuildFile; fileRef = 67A3083221158272001FBCC4 /* UnitTableViewController.swift */; };
		67A308352115830E001FBCC4 /* ModeTableViewController.swift in Sources */ = {isa = PBXBuildFile; fileRef = 67A308342115830E001FBCC4 /* ModeTableViewController.swift */; };
		67A308372117D9C4001FBCC4 /* SentenceTableViewController.swift in Sources */ = {isa = PBXBuildFile; fileRef = 67A308362117D9C3001FBCC4 /* SentenceTableViewController.swift */; };
		67A308392117D9CC001FBCC4 /* SegmentViewController.swift in Sources */ = {isa = PBXBuildFile; fileRef = 67A308382117D9CC001FBCC4 /* SegmentViewController.swift */; };
		67A3083B2117D9D5001FBCC4 /* WordTableViewController.swift in Sources */ = {isa = PBXBuildFile; fileRef = 67A3083A2117D9D5001FBCC4 /* WordTableViewController.swift */; };
/* End PBXBuildFile section */

/* Begin PBXFileReference section */
		67291684210971780028E8A4 /* Armgi_Main.app */ = {isa = PBXFileReference; explicitFileType = wrapper.application; includeInIndex = 0; path = Armgi_Main.app; sourceTree = BUILT_PRODUCTS_DIR; };
		67291687210971780028E8A4 /* AppDelegate.swift */ = {isa = PBXFileReference; lastKnownFileType = sourcecode.swift; path = AppDelegate.swift; sourceTree = "<group>"; };
		6729168C210971780028E8A4 /* Base */ = {isa = PBXFileReference; lastKnownFileType = file.storyboard; name = Base; path = Base.lproj/Main.storyboard; sourceTree = "<group>"; };
		6729168E2109717A0028E8A4 /* Assets.xcassets */ = {isa = PBXFileReference; lastKnownFileType = folder.assetcatalog; path = Assets.xcassets; sourceTree = "<group>"; };
		672916912109717A0028E8A4 /* Base */ = {isa = PBXFileReference; lastKnownFileType = file.storyboard; name = Base; path = Base.lproj/LaunchScreen.storyboard; sourceTree = "<group>"; };
		672916932109717A0028E8A4 /* Info.plist */ = {isa = PBXFileReference; lastKnownFileType = text.plist.xml; path = Info.plist; sourceTree = "<group>"; };
		67291699210971ED0028E8A4 /* MainTableViewController.swift */ = {isa = PBXFileReference; lastKnownFileType = sourcecode.swift; path = MainTableViewController.swift; sourceTree = "<group>"; };
		6729169B210971FA0028E8A4 /* AddTableViewController.swift */ = {isa = PBXFileReference; lastKnownFileType = sourcecode.swift; path = AddTableViewController.swift; sourceTree = "<group>"; };
		6729169D210A00B90028E8A4 /* DataCenter.swift */ = {isa = PBXFileReference; lastKnownFileType = sourcecode.swift; path = DataCenter.swift; sourceTree = "<group>"; };
		672916C5210AFC5D0028E8A4 /* TodoList.txt */ = {isa = PBXFileReference; lastKnownFileType = text; path = TodoList.txt; sourceTree = "<group>"; };
		67A308262112A67C001FBCC4 /* QuizViewController.swift */ = {isa = PBXFileReference; lastKnownFileType = sourcecode.swift; path = QuizViewController.swift; sourceTree = "<group>"; };
		67A308302112FCDF001FBCC4 /* Extensions.swift */ = {isa = PBXFileReference; lastKnownFileType = sourcecode.swift; path = Extensions.swift; sourceTree = "<group>"; };
		67A3083221158272001FBCC4 /* UnitTableViewController.swift */ = {isa = PBXFileReference; lastKnownFileType = sourcecode.swift; path = UnitTableViewController.swift; sourceTree = "<group>"; };
		67A308342115830E001FBCC4 /* ModeTableViewController.swift */ = {isa = PBXFileReference; lastKnownFileType = sourcecode.swift; path = ModeTableViewController.swift; sourceTree = "<group>"; };
		67A308362117D9C3001FBCC4 /* SentenceTableViewController.swift */ = {isa = PBXFileReference; fileEncoding = 4; lastKnownFileType = sourcecode.swift; path = SentenceTableViewController.swift; sourceTree = "<group>"; };
		67A308382117D9CC001FBCC4 /* SegmentViewController.swift */ = {isa = PBXFileReference; fileEncoding = 4; lastKnownFileType = sourcecode.swift; path = SegmentViewController.swift; sourceTree = "<group>"; };
		67A3083A2117D9D5001FBCC4 /* WordTableViewController.swift */ = {isa = PBXFileReference; fileEncoding = 4; lastKnownFileType = sourcecode.swift; path = WordTableViewController.swift; sourceTree = "<group>"; };
/* End PBXFileReference section */

/* Begin PBXFrameworksBuildPhase section */
		67291681210971780028E8A4 /* Frameworks */ = {
			isa = PBXFrameworksBuildPhase;
			buildActionMask = 2147483647;
			files = (
			);
			runOnlyForDeploymentPostprocessing = 0;
		};
/* End PBXFrameworksBuildPhase section */

/* Begin PBXGroup section */
		6729167B210971780028E8A4 = {
			isa = PBXGroup;
			children = (
				67291686210971780028E8A4 /* Armgi_Main */,
				67291685210971780028E8A4 /* Products */,
			);
			sourceTree = "<group>";
		};
		67291685210971780028E8A4 /* Products */ = {
			isa = PBXGroup;
			children = (
				67291684210971780028E8A4 /* Armgi_Main.app */,
			);
			name = Products;
			sourceTree = "<group>";
		};
		67291686210971780028E8A4 /* Armgi_Main */ = {
			isa = PBXGroup;
			children = (
				67291687210971780028E8A4 /* AppDelegate.swift */,
				6729168B210971780028E8A4 /* Main.storyboard */,
				67291699210971ED0028E8A4 /* MainTableViewController.swift */,
				6729169B210971FA0028E8A4 /* AddTableViewController.swift */,
				67A308342115830E001FBCC4 /* ModeTableViewController.swift */,
				67A3083221158272001FBCC4 /* UnitTableViewController.swift */,
				6729169D210A00B90028E8A4 /* DataCenter.swift */,
				67A308382117D9CC001FBCC4 /* SegmentViewController.swift */,
				67A3083A2117D9D5001FBCC4 /* WordTableViewController.swift */,
				67A308362117D9C3001FBCC4 /* SentenceTableViewController.swift */,
				67A308262112A67C001FBCC4 /* QuizViewController.swift */,
				67A308302112FCDF001FBCC4 /* Extensions.swift */,
				6729168E2109717A0028E8A4 /* Assets.xcassets */,
				672916902109717A0028E8A4 /* LaunchScreen.storyboard */,
				672916932109717A0028E8A4 /* Info.plist */,
				672916C5210AFC5D0028E8A4 /* TodoList.txt */,
			);
			path = Armgi_Main;
			sourceTree = "<group>";
		};
/* End PBXGroup section */

/* Begin PBXNativeTarget section */
		67291683210971780028E8A4 /* Armgi_Main */ = {
			isa = PBXNativeTarget;
			buildConfigurationList = 672916962109717A0028E8A4 /* Build configuration list for PBXNativeTarget "Armgi_Main" */;
			buildPhases = (
				67291680210971780028E8A4 /* Sources */,
				67291681210971780028E8A4 /* Frameworks */,
				67291682210971780028E8A4 /* Resources */,
			);
			buildRules = (
			);
			dependencies = (
			);
			name = Armgi_Main;
			productName = Armgi_Main;
			productReference = 67291684210971780028E8A4 /* Armgi_Main.app */;
			productType = "com.apple.product-type.application";
		};
/* End PBXNativeTarget section */

/* Begin PBXProject section */
		6729167C210971780028E8A4 /* Project object */ = {
			isa = PBXProject;
			attributes = {
				LastSwiftUpdateCheck = 0940;
				LastUpgradeCheck = 0940;
				ORGANIZATIONNAME = sspog;
				TargetAttributes = {
					67291683210971780028E8A4 = {
						CreatedOnToolsVersion = 9.4.1;
					};
				};
			};
			buildConfigurationList = 6729167F210971780028E8A4 /* Build configuration list for PBXProject "Armgi_Main" */;
			compatibilityVersion = "Xcode 9.3";
			developmentRegion = en;
			hasScannedForEncodings = 0;
			knownRegions = (
				en,
				Base,
			);
			mainGroup = 6729167B210971780028E8A4;
			productRefGroup = 67291685210971780028E8A4 /* Products */;
			projectDirPath = "";
			projectRoot = "";
			targets = (
				67291683210971780028E8A4 /* Armgi_Main */,
			);
		};
/* End PBXProject section */

/* Begin PBXResourcesBuildPhase section */
		67291682210971780028E8A4 /* Resources */ = {
			isa = PBXResourcesBuildPhase;
			buildActionMask = 2147483647;
			files = (
				672916922109717A0028E8A4 /* LaunchScreen.storyboard in Resources */,
				6729168F2109717A0028E8A4 /* Assets.xcassets in Resources */,
				672916C6210AFC5D0028E8A4 /* TodoList.txt in Resources */,
				6729168D210971780028E8A4 /* Main.storyboard in Resources */,
			);
			runOnlyForDeploymentPostprocessing = 0;
		};
/* End PBXResourcesBuildPhase section */

/* Begin PBXSourcesBuildPhase section */
		67291680210971780028E8A4 /* Sources */ = {
			isa = PBXSourcesBuildPhase;
			buildActionMask = 2147483647;
			files = (
				67A3083321158273001FBCC4 /* UnitTableViewController.swift in Sources */,
				6729169A210971ED0028E8A4 /* MainTableViewController.swift in Sources */,
				67A3083B2117D9D5001FBCC4 /* WordTableViewController.swift in Sources */,
				67A308392117D9CC001FBCC4 /* SegmentViewController.swift in Sources */,
				67A308312112FCDF001FBCC4 /* Extensions.swift in Sources */,
				67A308272112A67C001FBCC4 /* QuizViewController.swift in Sources */,
				67A308372117D9C4001FBCC4 /* SentenceTableViewController.swift in Sources */,
				67A308352115830E001FBCC4 /* ModeTableViewController.swift in Sources */,
				6729169E210A00B90028E8A4 /* DataCenter.swift in Sources */,
				67291688210971780028E8A4 /* AppDelegate.swift in Sources */,
				6729169C210971FA0028E8A4 /* AddTableViewController.swift in Sources */,
			);
			runOnlyForDeploymentPostprocessing = 0;
		};
/* End PBXSourcesBuildPhase section */

/* Begin PBXVariantGroup section */
		6729168B210971780028E8A4 /* Main.storyboard */ = {
			isa = PBXVariantGroup;
			children = (
				6729168C210971780028E8A4 /* Base */,
			);
			name = Main.storyboard;
			sourceTree = "<group>";
		};
		672916902109717A0028E8A4 /* LaunchScreen.storyboard */ = {
			isa = PBXVariantGroup;
			children = (
				672916912109717A0028E8A4 /* Base */,
			);
			name = LaunchScreen.storyboard;
			sourceTree = "<group>";
		};
/* End PBXVariantGroup section */

/* Begin XCBuildConfiguration section */
		672916942109717A0028E8A4 /* Debug */ = {
			isa = XCBuildConfiguration;
			buildSettings = {
				ALWAYS_SEARCH_USER_PATHS = NO;
				CLANG_ANALYZER_NONNULL = YES;
				CLANG_ANALYZER_NUMBER_OBJECT_CONVERSION = YES_AGGRESSIVE;
				CLANG_CXX_LANGUAGE_STANDARD = "gnu++14";
				CLANG_CXX_LIBRARY = "libc++";
				CLANG_ENABLE_MODULES = YES;
				CLANG_ENABLE_OBJC_ARC = YES;
				CLANG_ENABLE_OBJC_WEAK = YES;
				CLANG_WARN_BLOCK_CAPTURE_AUTORELEASING = YES;
				CLANG_WARN_BOOL_CONVERSION = YES;
				CLANG_WARN_COMMA = YES;
				CLANG_WARN_CONSTANT_CONVERSION = YES;
				CLANG_WARN_DEPRECATED_OBJC_IMPLEMENTATIONS = YES;
				CLANG_WARN_DIRECT_OBJC_ISA_USAGE = YES_ERROR;
				CLANG_WARN_DOCUMENTATION_COMMENTS = YES;
				CLANG_WARN_EMPTY_BODY = YES;
				CLANG_WARN_ENUM_CONVERSION = YES;
				CLANG_WARN_INFINITE_RECURSION = YES;
				CLANG_WARN_INT_CONVERSION = YES;
				CLANG_WARN_NON_LITERAL_NULL_CONVERSION = YES;
				CLANG_WARN_OBJC_IMPLICIT_RETAIN_SELF = YES;
				CLANG_WARN_OBJC_LITERAL_CONVERSION = YES;
				CLANG_WARN_OBJC_ROOT_CLASS = YES_ERROR;
				CLANG_WARN_RANGE_LOOP_ANALYSIS = YES;
				CLANG_WARN_STRICT_PROTOTYPES = YES;
				CLANG_WARN_SUSPICIOUS_MOVE = YES;
				CLANG_WARN_UNGUARDED_AVAILABILITY = YES_AGGRESSIVE;
				CLANG_WARN_UNREACHABLE_CODE = YES;
				CLANG_WARN__DUPLICATE_METHOD_MATCH = YES;
				CODE_SIGN_IDENTITY = "iPhone Developer";
				COPY_PHASE_STRIP = NO;
				DEBUG_INFORMATION_FORMAT = dwarf;
				ENABLE_STRICT_OBJC_MSGSEND = YES;
				ENABLE_TESTABILITY = YES;
				GCC_C_LANGUAGE_STANDARD = gnu11;
				GCC_DYNAMIC_NO_PIC = NO;
				GCC_NO_COMMON_BLOCKS = YES;
				GCC_OPTIMIZATION_LEVEL = 0;
				GCC_PREPROCESSOR_DEFINITIONS = (
					"DEBUG=1",
					"$(inherited)",
				);
				GCC_WARN_64_TO_32_BIT_CONVERSION = YES;
				GCC_WARN_ABOUT_RETURN_TYPE = YES_ERROR;
				GCC_WARN_UNDECLARED_SELECTOR = YES;
				GCC_WARN_UNINITIALIZED_AUTOS = YES_AGGRESSIVE;
				GCC_WARN_UNUSED_FUNCTION = YES;
				GCC_WARN_UNUSED_VARIABLE = YES;
				IPHONEOS_DEPLOYMENT_TARGET = 11.4;
				MTL_ENABLE_DEBUG_INFO = YES;
				ONLY_ACTIVE_ARCH = YES;
				SDKROOT = iphoneos;
				SWIFT_ACTIVE_COMPILATION_CONDITIONS = DEBUG;
				SWIFT_OPTIMIZATION_LEVEL = "-Onone";
			};
			name = Debug;
		};
		672916952109717A0028E8A4 /* Release */ = {
			isa = XCBuildConfiguration;
			buildSettings = {
				ALWAYS_SEARCH_USER_PATHS = NO;
				CLANG_ANALYZER_NONNULL = YES;
				CLANG_ANALYZER_NUMBER_OBJECT_CONVERSION = YES_AGGRESSIVE;
				CLANG_CXX_LANGUAGE_STANDARD = "gnu++14";
				CLANG_CXX_LIBRARY = "libc++";
				CLANG_ENABLE_MODULES = YES;
				CLANG_ENABLE_OBJC_ARC = YES;
				CLANG_ENABLE_OBJC_WEAK = YES;
				CLANG_WARN_BLOCK_CAPTURE_AUTORELEASING = YES;
				CLANG_WARN_BOOL_CONVERSION = YES;
				CLANG_WARN_COMMA = YES;
				CLANG_WARN_CONSTANT_CONVERSION = YES;
				CLANG_WARN_DEPRECATED_OBJC_IMPLEMENTATIONS = YES;
				CLANG_WARN_DIRECT_OBJC_ISA_USAGE = YES_ERROR;
				CLANG_WARN_DOCUMENTATION_COMMENTS = YES;
				CLANG_WARN_EMPTY_BODY = YES;
				CLANG_WARN_ENUM_CONVERSION = YES;
				CLANG_WARN_INFINITE_RECURSION = YES;
				CLANG_WARN_INT_CONVERSION = YES;
				CLANG_WARN_NON_LITERAL_NULL_CONVERSION = YES;
				CLANG_WARN_OBJC_IMPLICIT_RETAIN_SELF = YES;
				CLANG_WARN_OBJC_LITERAL_CONVERSION = YES;
				CLANG_WARN_OBJC_ROOT_CLASS = YES_ERROR;
				CLANG_WARN_RANGE_LOOP_ANALYSIS = YES;
				CLANG_WARN_STRICT_PROTOTYPES = YES;
				CLANG_WARN_SUSPICIOUS_MOVE = YES;
				CLANG_WARN_UNGUARDED_AVAILABILITY = YES_AGGRESSIVE;
				CLANG_WARN_UNREACHABLE_CODE = YES;
				CLANG_WARN__DUPLICATE_METHOD_MATCH = YES;
				CODE_SIGN_IDENTITY = "iPhone Developer";
				COPY_PHASE_STRIP = NO;
				DEBUG_INFORMATION_FORMAT = "dwarf-with-dsym";
				ENABLE_NS_ASSERTIONS = NO;
				ENABLE_STRICT_OBJC_MSGSEND = YES;
				GCC_C_LANGUAGE_STANDARD = gnu11;
				GCC_NO_COMMON_BLOCKS = YES;
				GCC_WARN_64_TO_32_BIT_CONVERSION = YES;
				GCC_WARN_ABOUT_RETURN_TYPE = YES_ERROR;
				GCC_WARN_UNDECLARED_SELECTOR = YES;
				GCC_WARN_UNINITIALIZED_AUTOS = YES_AGGRESSIVE;
				GCC_WARN_UNUSED_FUNCTION = YES;
				GCC_WARN_UNUSED_VARIABLE = YES;
				IPHONEOS_DEPLOYMENT_TARGET = 11.4;
				MTL_ENABLE_DEBUG_INFO = NO;
				SDKROOT = iphoneos;
				SWIFT_COMPILATION_MODE = wholemodule;
				SWIFT_OPTIMIZATION_LEVEL = "-O";
				VALIDATE_PRODUCT = YES;
			};
			name = Release;
		};
		672916972109717A0028E8A4 /* Debug */ = {
			isa = XCBuildConfiguration;
			buildSettings = {
				ASSETCATALOG_COMPILER_APPICON_NAME = AppIcon;
				CODE_SIGN_STYLE = Automatic;
				DEVELOPMENT_TEAM = MGKT2GH968;
				INFOPLIST_FILE = Armgi_Main/Info.plist;
				LD_RUNPATH_SEARCH_PATHS = (
					"$(inherited)",
					"@executable_path/Frameworks",
				);
				PRODUCT_BUNDLE_IDENTIFIER = "com.sspog.Armgi-Main";
				PRODUCT_NAME = "$(TARGET_NAME)";
				SWIFT_VERSION = 4.0;
				TARGETED_DEVICE_FAMILY = "1,2";
			};
			name = Debug;
		};
		672916982109717A0028E8A4 /* Release */ = {
			isa = XCBuildConfiguration;
			buildSettings = {
				ASSETCATALOG_COMPILER_APPICON_NAME = AppIcon;
				CODE_SIGN_STYLE = Automatic;
				DEVELOPMENT_TEAM = MGKT2GH968;
				INFOPLIST_FILE = Armgi_Main/Info.plist;
				LD_RUNPATH_SEARCH_PATHS = (
					"$(inherited)",
					"@executable_path/Frameworks",
				);
				PRODUCT_BUNDLE_IDENTIFIER = "com.sspog.Armgi-Main";
				PRODUCT_NAME = "$(TARGET_NAME)";
				SWIFT_VERSION = 4.0;
				TARGETED_DEVICE_FAMILY = "1,2";
			};
			name = Release;
		};
/* End XCBuildConfiguration section */

/* Begin XCConfigurationList section */
		6729167F210971780028E8A4 /* Build configuration list for PBXProject "Armgi_Main" */ = {
			isa = XCConfigurationList;
			buildConfigurations = (
				672916942109717A0028E8A4 /* Debug */,
				672916952109717A0028E8A4 /* Release */,
			);
			defaultConfigurationIsVisible = 0;
			defaultConfigurationName = Release;
		};
		672916962109717A0028E8A4 /* Build configuration list for PBXNativeTarget "Armgi_Main" */ = {
			isa = XCConfigurationList;
			buildConfigurations = (
				672916972109717A0028E8A4 /* Debug */,
				672916982109717A0028E8A4 /* Release */,
			);
			defaultConfigurationIsVisible = 0;
			defaultConfigurationName = Release;
		};
/* End XCConfigurationList section */
	};
	rootObject = 6729167C210971780028E8A4 /* Project object */;
}
